
Microsoft Visual Studio Solution File, Format Version 12.00
# Visual Studio Version 17
VisualStudioVersion = 17.14.37111.16 d17.14
MinimumVisualStudioVersion = 10.0.40219.1
Project("{FAE04EC0-301F-11D3-BF4B-00C04F79EFBC}") = "NovaShop", "NovaShop\NovaShop.csproj", "{AFF2F077-43CA-40EF-9C8E-E3B7318B8539}"
EndProject
Global
	GlobalSection(SolutionConfigurationPlatforms) = preSolution
		Debug|Any CPU = Debug|Any CPU
		Release|Any CPU = Release|Any CPU
	EndGlobalSection
	GlobalSection(ProjectConfigurationPlatforms) = postSolution
		{AFF2F077-43CA-40EF-9C8E-E3B7318B8539}.Debug|Any CPU.ActiveCfg = Debug|Any CPU
		{AFF2F077-43CA-40EF-9C8E-E3B7318B8539}.Debug|Any CPU.Build.0 = Debug|Any CPU
		{AFF2F077-43CA-40EF-9C8E-E3B7318B8539}.Release|Any CPU.ActiveCfg = Release|Any CPU
		{AFF2F077-43CA-40EF-9C8E-E3B7318B8539}.Release|Any CPU.Build.0 = Release|Any CPU
	EndGlobalSection
	GlobalSection(SolutionProperties) = preSolution
		HideSolutionNode = FALSE
	EndGlobalSection
	GlobalSection(ExtensibilityGlobals) = postSolution
		SolutionGuid = {B388C01F-BB09-4F89-8B2C-711E3B10BFFC}
	EndGlobalSection
EndGlobal
